# This file is autogenerated, do not edit; changes may be undone by the next 'dep ensure'.


[[projects]]
  name = "github.com/Azure/go-ansiterm"
  packages = [
    ".",
    "winterm"
  ]
  revision = "d6e3b3328b783f23731bc4d058875b0371ff8109"

[[projects]]
  name = "github.com/Microsoft/go-winio"
  packages = ["."]
  revision = "v0.4.5"

[[projects]]
  name = "github.com/Nvveen/Gotty"
  packages = ["."]
  revision = "a8b993ba6abdb0e0c12b0125c603323a71c7790c"
  source = "https://github.com/ijc25/Gotty"

[[projects]]
  name = "github.com/agl/ed25519"
  packages = [
    ".",
    "edwards25519"
  ]
  revision = "d2b94fd789ea21d12fac1a4443dd3a3f79cda72c"

[[projects]]
  name = "github.com/blang/semver"
  packages = ["."]
  revision = "2ee87856327ba09384cabd113bc6b5d174e9ec0f"
  version = "v3.5.1"

[[projects]]
  name = "github.com/containerd/continuity"
  packages = [
    "pathdriver",
    "sysx"
  ]
  revision = "35d55c5e8dd23b32037d56cf97174aff3efdfa83"

[[projects]]
  name = "github.com/docker/cli"
  packages = [
    "cli",
    "cli/command",
    "cli/command/container",
    "cli/command/formatter",
    "cli/command/image",
    "cli/command/image/build",
    "cli/command/inspect",
    "cli/compose/interpolation",
    "cli/compose/loader",
    "cli/compose/schema",
    "cli/compose/template",
    "cli/compose/types",
    "cli/config",
    "cli/config/configfile",
    "cli/config/credentials",
    "cli/flags",
    "cli/trust",
    "opts",
    "templates"
  ]
  revision = "v17.12.1-ce"
  source = "github.com/tjeske/fly-docker-cli"

[[projects]]
  name = "github.com/docker/distribution"
  packages = [
    ".",
    "context",
    "digestset",
    "reference",
    "registry/api/errcode",
    "registry/api/v2",
    "registry/client",
    "registry/client/auth",
    "registry/client/auth/challenge",
    "registry/client/transport",
    "registry/storage/cache",
    "registry/storage/cache/memory",
    "uuid"
  ]
  revision = "edc3ab29cdff8694dd6feb85cfeb4b5f1b38ed9c"

[[projects]]
  name = "github.com/docker/docker"
  packages = [
    "api",
    "api/types",
    "api/types/blkiodev",
    "api/types/container",
    "api/types/events",
    "api/types/filters",
    "api/types/image",
    "api/types/mount",
    "api/types/network",
    "api/types/registry",
    "api/types/strslice",
    "api/types/swarm",
    "api/types/swarm/runtime",
    "api/types/time",
    "api/types/versions",
    "api/types/volume",
    "builder/dockerignore",
    "builder/remotecontext/git",
    "client",
    "pkg/archive",
    "pkg/fileutils",
    "pkg/homedir",
    "pkg/idtools",
    "pkg/ioutils",
    "pkg/jsonmessage",
    "pkg/longpath",
    "pkg/mount",
    "pkg/pools",
    "pkg/progress",
    "pkg/signal",
    "pkg/stdcopy",
    "pkg/streamformatter",
    "pkg/stringid",
    "pkg/symlink",
    "pkg/system",
    "pkg/tarsum",
    "pkg/term",
    "pkg/term/windows",
    "pkg/urlutil",
    "registry",
    "registry/resumable"
  ]
  revision = "a1be987ea9e03e5ebdb1b415a7acdd8d6f0aaa08"

[[projects]]
  name = "github.com/docker/docker-credential-helpers"
  packages = [
    "client",
    "credentials",
    "pass"
  ]
  revision = "3c90bd29a46b943b2a9842987b58fb91a7c1819b"

[[projects]]
  name = "github.com/docker/go"
  packages = ["canonical/json"]
  revision = "d30aec9fd63c35133f8f79c3412ad91a3b08be06"

[[projects]]
  name = "github.com/docker/go-connections"
  packages = [
    "nat",
    "sockets",
    "tlsconfig"
  ]
  revision = "3ede32e2033de7505e6500d6c868c2b9ed9f169d"

[[projects]]
  name = "github.com/docker/go-units"
  packages = ["."]
  revision = "9e638d38cf6977a37a8ea0078f3ee75a7cdb2dd1"

[[projects]]
  name = "github.com/go-yaml/yaml"
  packages = ["."]
  revision = "7f97868eec74b32b0982dd158a51a446d1da7eb5"
  version = "v2.1.1"

[[projects]]
  name = "github.com/gogo/protobuf"
  packages = [
    "proto",
    "sortkeys"
  ]
  revision = "v0.4"

[[projects]]
  name = "github.com/golang/protobuf"
  packages = [
    "proto",
    "ptypes/any"
  ]
  revision = "7a211bcf3bce0e3f1d74f9894916e6f116ae83b4"

[[projects]]
  name = "github.com/gorilla/context"
  packages = ["."]
  revision = "v1.1"

[[projects]]
  name = "github.com/gorilla/mux"
  packages = ["."]
  revision = "v1.1"

[[projects]]
  name = "github.com/inconshreveable/mousetrap"
  packages = ["."]
  revision = "76626ae9c91c4f2a10f34cad8ce83ea42c93bb75"

[[projects]]
  name = "github.com/mattn/go-shellwords"
  packages = ["."]
  revision = "v1.0.3"

[[projects]]
  name = "github.com/miekg/pkcs11"
  packages = ["."]
  revision = "df8ae6ca730422dba20c768ff38ef7d79077a59f"

[[projects]]
  name = "github.com/mitchellh/mapstructure"
  packages = ["."]
  revision = "f3009df150dadf309fdee4a54ed65c124afad715"

[[projects]]
  name = "github.com/moby/buildkit"
  packages = [
    "session",
    "session/filesync"
  ]
  revision = "aaff9d591ef128560018433fe61beb802e149de8"

[[projects]]
  name = "github.com/opencontainers/go-digest"
  packages = ["."]
  revision = "21dfd564fd89c944783d00d069f33e3e7123c448"

[[projects]]
  name = "github.com/opencontainers/image-spec"
  packages = [
    "specs-go",
    "specs-go/v1"
  ]
  revision = "v1.0.0"

[[projects]]
  name = "github.com/opencontainers/runc"
  packages = [
    "libcontainer/system",
    "libcontainer/user"
  ]
  revision = "b2567b37d7b75eb4cf325b77297b140ea686ce8f"

[[projects]]
  name = "github.com/pkg/errors"
  packages = ["."]
  revision = "839d9e913e063e28dfd0e6c7b7512793e0a48be9"

[[projects]]
  name = "github.com/sirupsen/logrus"
  packages = ["."]
  revision = "v1.0.3"

[[projects]]
  name = "github.com/spf13/cobra"
  packages = ["."]
  revision = "34ceca591bcf34a17a8b7bad5b3ce5f9c165bee5"

[[projects]]
  name = "github.com/spf13/pflag"
  packages = ["."]
  revision = "97afa5e7ca8a08a383cb259e06636b5e2cc7897f"

[[projects]]
  name = "github.com/theupdateframework/notary"
  packages = [
    ".",
    "client",
    "client/changelist",
    "cryptoservice",
    "passphrase",
    "storage",
    "trustmanager",
    "trustmanager/yubikey",
    "trustpinning",
    "tuf",
    "tuf/data",
    "tuf/signed",
    "tuf/utils",
    "tuf/validation"
  ]
  revision = "05985dc5d1c71ee6c387e9cd276a00b9d424af53"

[[projects]]
  name = "github.com/tonistiigi/fsutil"
  packages = ["."]
  revision = "dea3a0da73aee887fc02142d995be764106ac5e2"

[[projects]]
  name = "github.com/xeipuuv/gojsonpointer"
  packages = ["."]
  revision = "e0fe6f68307607d540ed8eac07a342c33fa1b54a"

[[projects]]
  name = "github.com/xeipuuv/gojsonreference"
  packages = ["."]
  revision = "e02fc20de94c78484cd5ffb007f8af96be030a45"

[[projects]]
  name = "github.com/xeipuuv/gojsonschema"
  packages = ["."]
  revision = "93e72a773fade158921402d6a24c819b48aba29d"

[[projects]]
  name = "golang.org/x/crypto"
  packages = [
    "pbkdf2",
    "ssh/terminal"
  ]
  revision = "558b6879de74bc843225cde5686419267ff707ca"

[[projects]]
  name = "golang.org/x/net"
  packages = [
    "context",
    "context/ctxhttp",
    "http2",
    "http2/hpack",
    "idna",
    "internal/timeseries",
    "lex/httplex",
    "proxy",
    "trace"
  ]
  revision = "7dcfb8076726a3fdd9353b6b8a1f1b6be6811bd6"

[[projects]]
  name = "golang.org/x/sync"
  packages = ["errgroup"]
  revision = "450f422ab23cf9881c94e2db30cac0eb1b7cf80c"

[[projects]]
  name = "golang.org/x/sys"
  packages = [
    "unix",
    "windows"
  ]
  revision = "95c6576299259db960f6c5b9b69ea52422860fce"

[[projects]]
  name = "golang.org/x/text"
  packages = [
    "internal/gen",
    "internal/triegen",
    "internal/ucd",
    "secure/bidirule",
    "transform",
    "unicode/bidi",
    "unicode/cldr",
    "unicode/norm",
    "unicode/rangetable",
    "width"
  ]
  revision = "f72d8390a633d5dfb0cc84043294db9f6c935756"

[[projects]]
  name = "golang.org/x/time"
  packages = ["rate"]
  revision = "a4bde12657593d5e90d0533a3e4fd95e635124cb"

[[projects]]
  name = "google.golang.org/genproto"
  packages = ["googleapis/rpc/status"]
  revision = "d80a6e20e776b0b17a324d0ba1ab50a39c8e8944"

[[projects]]
  name = "google.golang.org/grpc"
  packages = [
    ".",
    "codes",
    "credentials",
    "grpclb/grpc_lb_v1",
    "grpclog",
    "health",
    "health/grpc_health_v1",
    "internal",
    "keepalive",
    "metadata",
    "naming",
    "peer",
    "stats",
    "status",
    "tap",
    "transport"
  ]
  revision = "v1.3.0"

[[projects]]
  name = "gopkg.in/yaml.v2"
  packages = ["."]
  revision = "4c78c975fe7c825c6d1466c42be594d1d6f3aba6"

[solve-meta]
  analyzer-name = "dep"
  analyzer-version = 1
  inputs-digest = "956d07d85a6af31b193d2879391a1e3100838149d4bae7da94e58b5db7536298"
  solver-name = "gps-cdcl"
  solver-version = 1
